// !$*UTF8*$!
{
	archiveVersion = 1;
	classes = {
	};
	objectVersion = 46;
	objects = {

/* Begin PBXBuildFile section */
		9131BF634B0B5FA89B98896F /* libPods.a in Frameworks */ = {isa = PBXBuildFile; fileRef = 276C864FA449157B51AB5CC0 /* libPods.a */; };
		F49505DA1C1FC8790006EFD5 /* GoogleService-Info.plist in Resources */ = {isa = PBXBuildFile; fileRef = F49505D91C1FC8790006EFD5 /* GoogleService-Info.plist */; };
		F4BC50CB1B87789300F473A9 /* main.m in Sources */ = {isa = PBXBuildFile; fileRef = F4BC50CA1B87789300F473A9 /* main.m */; };
		F4BC50CE1B87789300F473A9 /* AppDelegate.m in Sources */ = {isa = PBXBuildFile; fileRef = F4BC50CD1B87789300F473A9 /* AppDelegate.m */; };
		F4BC50D11B87789300F473A9 /* ViewController.m in Sources */ = {isa = PBXBuildFile; fileRef = F4BC50D01B87789300F473A9 /* ViewController.m */; };
		F4BC50D41B87789300F473A9 /* Main.storyboard in Resources */ = {isa = PBXBuildFile; fileRef = F4BC50D21B87789300F473A9 /* Main.storyboard */; };
		F4BC50D61B87789300F473A9 /* Images.xcassets in Resources */ = {isa = PBXBuildFile; fileRef = F4BC50D51B87789300F473A9 /* Images.xcassets */; };
		F4BC50D91B87789300F473A9 /* LaunchScreen.xib in Resources */ = {isa = PBXBuildFile; fileRef = F4BC50D71B87789300F473A9 /* LaunchScreen.xib */; };
		F4BC50E51B87789400F473A9 /* ExampleTests.m in Sources */ = {isa = PBXBuildFile; fileRef = F4BC50E41B87789400F473A9 /* ExampleTests.m */; };
		F4BC50F11B8778BC00F473A9 /* TAKGAUtil.m in Sources */ = {isa = PBXBuildFile; fileRef = F4BC50F01B8778BC00F473A9 /* TAKGAUtil.m */; };
/* End PBXBuildFile section */

/* Begin PBXContainerItemProxy section */
		F4BC50DF1B87789400F473A9 /* PBXContainerItemProxy */ = {
			isa = PBXContainerItemProxy;
			containerPortal = F4BC50BD1B87789300F473A9 /* Project object */;
			proxyType = 1;
			remoteGlobalIDString = F4BC50C41B87789300F473A9;
			remoteInfo = Example;
		};
/* End PBXContainerItemProxy section */

/* Begin PBXFileReference section */
		276C864FA449157B51AB5CC0 /* libPods.a */ = {isa = PBXFileReference; explicitFileType = archive.ar; includeInIndex = 0; path = libPods.a; sourceTree = BUILT_PRODUCTS_DIR; };
		868B0D344B1A710029502D14 /* Pods.debug.xcconfig */ = {isa = PBXFileReference; includeInIndex = 1; lastKnownFileType = text.xcconfig; name = Pods.debug.xcconfig; path = "Pods/Target Support Files/Pods/Pods.debug.xcconfig"; sourceTree = "<group>"; };
		8B2702722C7C5BDA5802F78E /* Pods.release.xcconfig */ = {isa = PBXFileReference; includeInIndex = 1; lastKnownFileType = text.xcconfig; name = Pods.release.xcconfig; path = "Pods/Target Support Files/Pods/Pods.release.xcconfig"; sourceTree = "<group>"; };
		F49505D91C1FC8790006EFD5 /* GoogleService-Info.plist */ = {isa = PBXFileReference; fileEncoding = 4; lastKnownFileType = text.plist.xml; path = "GoogleService-Info.plist"; sourceTree = "<group>"; };
		F4BC50C51B87789300F473A9 /* Example.app */ = {isa = PBXFileReference; explicitFileType = wrapper.application; includeInIndex = 0; path = Example.app; sourceTree = BUILT_PRODUCTS_DIR; };
		F4BC50C91B87789300F473A9 /* Info.plist */ = {isa = PBXFileReference; lastKnownFileType = text.plist.xml; path = Info.plist; sourceTree = "<group>"; };
		F4BC50CA1B87789300F473A9 /* main.m */ = {isa = PBXFileReference; lastKnownFileType = sourcecode.c.objc; path = main.m; sourceTree = "<group>"; };
		F4BC50CC1B87789300F473A9 /* AppDelegate.h */ = {isa = PBXFileReference; lastKnownFileType = sourcecode.c.h; path = AppDelegate.h; sourceTree = "<group>"; };
		F4BC50CD1B87789300F473A9 /* AppDelegate.m */ = {isa = PBXFileReference; lastKnownFileType = sourcecode.c.objc; path = AppDelegate.m; sourceTree = "<group>"; };
		F4BC50CF1B87789300F473A9 /* ViewController.h */ = {isa = PBXFileReference; lastKnownFileType = sourcecode.c.h; path = ViewController.h; sourceTree = "<group>"; };
		F4BC50D01B87789300F473A9 /* ViewController.m */ = {isa = PBXFileReference; lastKnownFileType = sourcecode.c.objc; path = ViewController.m; sourceTree = "<group>"; };
		F4BC50D31B87789300F473A9 /* Base */ = {isa = PBXFileReference; lastKnownFileType = file.storyboard; name = Base; path = Base.lproj/Main.storyboard; sourceTree = "<group>"; };
		F4BC50D51B87789300F473A9 /* Images.xcassets */ = {isa = PBXFileReference; lastKnownFileType = folder.assetcatalog; path = Images.xcassets; sourceTree = "<group>"; };
		F4BC50D81B87789300F473A9 /* Base */ = {isa = PBXFileReference; lastKnownFileType = file.xib; name = Base; path = Base.lproj/LaunchScreen.xib; sourceTree = "<group>"; };
		F4BC50DE1B87789400F473A9 /* ExampleTests.xctest */ = {isa = PBXFileReference; explicitFileType = wrapper.cfbundle; includeInIndex = 0; path = ExampleTests.xctest; sourceTree = BUILT_PRODUCTS_DIR; };
		F4BC50E31B87789400F473A9 /* Info.plist */ = {isa = PBXFileReference; lastKnownFileType = text.plist.xml; path = Info.plist; sourceTree = "<group>"; };
		F4BC50E41B87789400F473A9 /* ExampleTests.m */ = {isa = PBXFileReference; lastKnownFileType = sourcecode.c.objc; path = ExampleTests.m; sourceTree = "<group>"; };
		F4BC50EF1B8778BC00F473A9 /* TAKGAUtil.h */ = {isa = PBXFileReference; fileEncoding = 4; lastKnownFileType = sourcecode.c.h; name = TAKGAUtil.h; path = ../../TAKGAUtil/TAKGAUtil.h; sourceTree = "<group>"; };
		F4BC50F01B8778BC00F473A9 /* TAKGAUtil.m */ = {isa = PBXFileReference; fileEncoding = 4; lastKnownFileType = sourcecode.c.objc; name = TAKGAUtil.m; path = ../../TAKGAUtil/TAKGAUtil.m; sourceTree = "<group>"; };
/* End PBXFileReference section */

/* Begin PBXFrameworksBuildPhase section */
		F4BC50C21B87789300F473A9 /* Frameworks */ = {
			isa = PBXFrameworksBuildPhase;
			buildActionMask = 2147483647;
			files = (
				9131BF634B0B5FA89B98896F /* libPods.a in Frameworks */,
			);
			runOnlyForDeploymentPostprocessing = 0;
		};
		F4BC50DB1B87789400F473A9 /* Frameworks */ = {
			isa = PBXFrameworksBuildPhase;
			buildActionMask = 2147483647;
			files = (
			);
			runOnlyForDeploymentPostprocessing = 0;
		};
/* End PBXFrameworksBuildPhase section */

/* Begin PBXGroup section */
		7975775164AEA5647DD3B57F /* Pods */ = {
			isa = PBXGroup;
			children = (
				868B0D344B1A710029502D14 /* Pods.debug.xcconfig */,
				8B2702722C7C5BDA5802F78E /* Pods.release.xcconfig */,
			);
			name = Pods;
			sourceTree = "<group>";
		};
		E9EDE8048C22B99B6240BA8D /* Frameworks */ = {
			isa = PBXGroup;
			children = (
				276C864FA449157B51AB5CC0 /* libPods.a */,
			);
			name = Frameworks;
			sourceTree = "<group>";
		};
		F49505D81C1FC8790006EFD5 /* Resource */ = {
			isa = PBXGroup;
			children = (
				F49505D91C1FC8790006EFD5 /* GoogleService-Info.plist */,
			);
			path = Resource;
			sourceTree = SOURCE_ROOT;
		};
		F4BC50BC1B87789300F473A9 = {
			isa = PBXGroup;
			children = (
				F4BC50C71B87789300F473A9 /* Example */,
				F4BC50E11B87789400F473A9 /* ExampleTests */,
				F4BC50C61B87789300F473A9 /* Products */,
				7975775164AEA5647DD3B57F /* Pods */,
				E9EDE8048C22B99B6240BA8D /* Frameworks */,
			);
			sourceTree = "<group>";
		};
		F4BC50C61B87789300F473A9 /* Products */ = {
			isa = PBXGroup;
			children = (
				F4BC50C51B87789300F473A9 /* Example.app */,
				F4BC50DE1B87789400F473A9 /* ExampleTests.xctest */,
			);
			name = Products;
			sourceTree = "<group>";
		};
		F4BC50C71B87789300F473A9 /* Example */ = {
			isa = PBXGroup;
			children = (
				F4BC50CC1B87789300F473A9 /* AppDelegate.h */,
				F4BC50CD1B87789300F473A9 /* AppDelegate.m */,
				F4BC50CF1B87789300F473A9 /* ViewController.h */,
				F4BC50D01B87789300F473A9 /* ViewController.m */,
				F4BC50EE1B87789C00F473A9 /* TAKGAUtil */,
				F4BC50D21B87789300F473A9 /* Main.storyboard */,
				F4BC50D51B87789300F473A9 /* Images.xcassets */,
				F4BC50D71B87789300F473A9 /* LaunchScreen.xib */,
				F49505D81C1FC8790006EFD5 /* Resource */,
				F4BC50C81B87789300F473A9 /* Supporting Files */,
			);
			path = Example;
			sourceTree = "<group>";
		};
		F4BC50C81B87789300F473A9 /* Supporting Files */ = {
			isa = PBXGroup;
			children = (
				F4BC50C91B87789300F473A9 /* Info.plist */,
				F4BC50CA1B87789300F473A9 /* main.m */,
			);
			name = "Supporting Files";
			sourceTree = "<group>";
		};
		F4BC50E11B87789400F473A9 /* ExampleTests */ = {
			isa = PBXGroup;
			children = (
				F4BC50E41B87789400F473A9 /* ExampleTests.m */,
				F4BC50E21B87789400F473A9 /* Supporting Files */,
			);
			path = ExampleTests;
			sourceTree = "<group>";
		};
		F4BC50E21B87789400F473A9 /* Supporting Files */ = {
			isa = PBXGroup;
			children = (
				F4BC50E31B87789400F473A9 /* Info.plist */,
			);
			name = "Supporting Files";
			sourceTree = "<group>";
		};
		F4BC50EE1B87789C00F473A9 /* TAKGAUtil */ = {
			isa = PBXGroup;
			children = (
				F4BC50EF1B8778BC00F473A9 /* TAKGAUtil.h */,
				F4BC50F01B8778BC00F473A9 /* TAKGAUtil.m */,
			);
			name = TAKGAUtil;
			sourceTree = "<group>";
		};
/* End PBXGroup section */

/* Begin PBXNativeTarget section */
		F4BC50C41B87789300F473A9 /* Example */ = {
			isa = PBXNativeTarget;
			buildConfigurationList = F4BC50E81B87789400F473A9 /* Build configuration list for PBXNativeTarget "Example" */;
			buildPhases = (
				9DBE9A3AF816771A8FDDBF6C /* Check Pods Manifest.lock */,
				F4BC50C11B87789300F473A9 /* Sources */,
				F4BC50C21B87789300F473A9 /* Frameworks */,
				F4BC50C31B87789300F473A9 /* Resources */,
				D14C0302E8282DE599999523 /* Copy Pods Resources */,
				C55653F0911E85092EA7DE0D /* Embed Pods Frameworks */,
			);
			buildRules = (
			);
			dependencies = (
			);
			name = Example;
			productName = Example;
			productReference = F4BC50C51B87789300F473A9 /* Example.app */;
			productType = "com.apple.product-type.application";
		};
		F4BC50DD1B87789400F473A9 /* ExampleTests */ = {
			isa = PBXNativeTarget;
			buildConfigurationList = F4BC50EB1B87789400F473A9 /* Build configuration list for PBXNativeTarget "ExampleTests" */;
			buildPhases = (
				F4BC50DA1B87789400F473A9 /* Sources */,
				F4BC50DB1B87789400F473A9 /* Frameworks */,
				F4BC50DC1B87789400F473A9 /* Resources */,
			);
			buildRules = (
			);
			dependencies = (
				F4BC50E01B87789400F473A9 /* PBXTargetDependency */,
			);
			name = ExampleTests;
			productName = ExampleTests;
			productReference = F4BC50DE1B87789400F473A9 /* ExampleTests.xctest */;
			productType = "com.apple.product-type.bundle.unit-test";
		};
/* End PBXNativeTarget section */

/* Begin PBXProject section */
		F4BC50BD1B87789300F473A9 /* Project object */ = {
			isa = PBXProject;
			attributes = {
				LastUpgradeCheck = 0710;
				ORGANIZATIONNAME = TakuNishimura;
				TargetAttributes = {
					F4BC50C41B87789300F473A9 = {
						CreatedOnToolsVersion = 6.4;
					};
					F4BC50DD1B87789400F473A9 = {
						CreatedOnToolsVersion = 6.4;
						TestTargetID = F4BC50C41B87789300F473A9;
					};
				};
			};
			buildConfigurationList = F4BC50C01B87789300F473A9 /* Build configuration list for PBXProject "Example" */;
			compatibilityVersion = "Xcode 3.2";
			developmentRegion = English;
			hasScannedForEncodings = 0;
			knownRegions = (
				en,
				Base,
			);
			mainGroup = F4BC50BC1B87789300F473A9;
			productRefGroup = F4BC50C61B87789300F473A9 /* Products */;
			projectDirPath = "";
			projectRoot = "";
			targets = (
				F4BC50C41B87789300F473A9 /* Example */,
				F4BC50DD1B87789400F473A9 /* ExampleTests */,
			);
		};
/* End PBXProject section */

/* Begin PBXResourcesBuildPhase section */
		F4BC50C31B87789300F473A9 /* Resources */ = {
			isa = PBXResourcesBuildPhase;
			buildActionMask = 2147483647;
			files = (
				F4BC50D41B87789300F473A9 /* Main.storyboard in Resources */,
				F49505DA1C1FC8790006EFD5 /* GoogleService-Info.plist in Resources */,
				F4BC50D91B87789300F473A9 /* LaunchScreen.xib in Resources */,
				F4BC50D61B87789300F473A9 /* Images.xcassets in Resources */,
			);
			runOnlyForDeploymentPostprocessing = 0;
		};
		F4BC50DC1B87789400F473A9 /* Resources */ = {
			isa = PBXResourcesBuildPhase;
			buildActionMask = 2147483647;
			files = (
			);
			runOnlyForDeploymentPostprocessing = 0;
		};
/* End PBXResourcesBuildPhase section */

/* Begin PBXShellScriptBuildPhase section */
		9DBE9A3AF816771A8FDDBF6C /* Check Pods Manifest.lock */ = {
			isa = PBXShellScriptBuildPhase;
			buildActionMask = 2147483647;
			files = (
			);
			inputPaths = (
			);
			name = "Check Pods Manifest.lock";
			outputPaths = (
			);
			runOnlyForDeploymentPostprocessing = 0;
			shellPath = /bin/sh;
			shellScript = "diff \"${PODS_ROOT}/../Podfile.lock\" \"${PODS_ROOT}/Manifest.lock\" > /dev/null\nif [[ $? != 0 ]] ; then\n    cat << EOM\nerror: The sandbox is not in sync with the Podfile.lock. Run 'pod install' or update your CocoaPods installation.\nEOM\n    exit 1\nfi\n";
			showEnvVarsInLog = 0;
		};
		C55653F0911E85092EA7DE0D /* Embed Pods Frameworks */ = {
			isa = PBXShellScriptBuildPhase;
			buildActionMask = 2147483647;
			files = (
			);
			inputPaths = (
			);
			name = "Embed Pods Frameworks";
			outputPaths = (
			);
			runOnlyForDeploymentPostprocessing = 0;
			shellPath = /bin/sh;
			shellScript = "\"${SRCROOT}/Pods/Target Support Files/Pods/Pods-frameworks.sh\"\n";
			showEnvVarsInLog = 0;
		};
		D14C0302E8282DE599999523 /* Copy Pods Resources */ = {
			isa = PBXShellScriptBuildPhase;
			buildActionMask = 2147483647;
			files = (
			);
			inputPaths = (
			);
			name = "Copy Pods Resources";
			outputPaths = (
			);
			runOnlyForDeploymentPostprocessing = 0;
			shellPath = /bin/sh;
			shellScript = "\"${SRCROOT}/Pods/Target Support Files/Pods/Pods-resources.sh\"\n";
			showEnvVarsInLog = 0;
		};
/* End PBXShellScriptBuildPhase section */

/* Begin PBXSourcesBuildPhase section */
		F4BC50C11B87789300F473A9 /* Sources */ = {
			isa = PBXSourcesBuildPhase;
			buildActionMask = 2147483647;
			files = (
				F4BC50F11B8778BC00F473A9 /* TAKGAUtil.m in Sources */,
				F4BC50D11B87789300F473A9 /* ViewController.m in Sources */,
				F4BC50CE1B87789300F473A9 /* AppDelegate.m in Sources */,
				F4BC50CB1B87789300F473A9 /* main.m in Sources */,
			);
			runOnlyForDeploymentPostprocessing = 0;
		};
		F4BC50DA1B87789400F473A9 /* Sources */ = {
			isa = PBXSourcesBuildPhase;
			buildActionMask = 2147483647;
			files = (
				F4BC50E51B87789400F473A9 /* ExampleTests.m in Sources */,
			);
			runOnlyForDeploymentPostprocessing = 0;
		};
/* End PBXSourcesBuildPhase section */

/* Begin PBXTargetDependency section */
		F4BC50E01B87789400F473A9 /* PBXTargetDependency */ = {
			isa = PBXTargetDependency;
			target = F4BC50C41B87789300F473A9 /* Example */;
			targetProxy = F4BC50DF1B87789400F473A9 /* PBXContainerItemProxy */;
		};
/* End PBXTargetDependency section */

/* Begin PBXVariantGroup section */
		F4BC50D21B87789300F473A9 /* Main.storyboard */ = {
			isa = PBXVariantGroup;
			children = (
				F4BC50D31B87789300F473A9 /* Base */,
			);
			name = Main.storyboard;
			sourceTree = "<group>";
		};
		F4BC50D71B87789300F473A9 /* LaunchScreen.xib */ = {
			isa = PBXVariantGroup;
			children = (
				F4BC50D81B87789300F473A9 /* Base */,
			);
			name = LaunchScreen.xib;
			sourceTree = "<group>";
		};
/* End PBXVariantGroup section */

/* Begin XCBuildConfiguration section */
		F4BC50E61B87789400F473A9 /* Debug */ = {
			isa = XCBuildConfiguration;
			buildSettings = {
				ALWAYS_SEARCH_USER_PATHS = NO;
				CLANG_CXX_LANGUAGE_STANDARD = "gnu++0x";
				CLANG_CXX_LIBRARY = "libc++";
				CLANG_ENABLE_MODULES = YES;
				CLANG_ENABLE_OBJC_ARC = YES;
				CLANG_WARN_BOOL_CONVERSION = YES;
				CLANG_WARN_CONSTANT_CONVERSION = YES;
				CLANG_WARN_DIRECT_OBJC_ISA_USAGE = YES_ERROR;
				CLANG_WARN_EMPTY_BODY = YES;
				CLANG_WARN_ENUM_CONVERSION = YES;
				CLANG_WARN_INT_CONVERSION = YES;
				CLANG_WARN_OBJC_ROOT_CLASS = YES_ERROR;
				CLANG_WARN_UNREACHABLE_CODE = YES;
				CLANG_WARN__DUPLICATE_METHOD_MATCH = YES;
				"CODE_SIGN_IDENTITY[sdk=iphoneos*]" = "iPhone Developer";
				COPY_PHASE_STRIP = NO;
				DEBUG_INFORMATION_FORMAT = "dwarf-with-dsym";
				ENABLE_BITCODE = NO;
				ENABLE_STRICT_OBJC_MSGSEND = YES;
				ENABLE_TESTABILITY = YES;
				GCC_C_LANGUAGE_STANDARD = gnu99;
				GCC_DYNAMIC_NO_PIC = NO;
				GCC_NO_COMMON_BLOCKS = YES;
				GCC_OPTIMIZATION_LEVEL = 0;
				GCC_PREPROCESSOR_DEFINITIONS = (
					"DEBUG=1",
					"$(inherited)",
				);
				GCC_SYMBOLS_PRIVATE_EXTERN = NO;
				GCC_WARN_64_TO_32_BIT_CONVERSION = YES;
				GCC_WARN_ABOUT_RETURN_TYPE = YES_ERROR;
				GCC_WARN_UNDECLARED_SELECTOR = YES;
				GCC_WARN_UNINITIALIZED_AUTOS = YES_AGGRESSIVE;
				GCC_WARN_UNUSED_FUNCTION = YES;
				GCC_WARN_UNUSED_VARIABLE = YES;
				IPHONEOS_DEPLOYMENT_TARGET = 7.0;
				MTL_ENABLE_DEBUG_INFO = YES;
				ONLY_ACTIVE_ARCH = YES;
				SDKROOT = iphoneos;
			};
			name = Debug;
		};
		F4BC50E71B87789400F473A9 /* Release */ = {
			isa = XCBuildConfiguration;
			buildSettings = {
				ALWAYS_SEARCH_USER_PATHS = NO;
				CLANG_CXX_LANGUAGE_STANDARD = "gnu++0x";
				CLANG_CXX_LIBRARY = "libc++";
				CLANG_ENABLE_MODULES = YES;
				CLANG_ENABLE_OBJC_ARC = YES;
				CLANG_WARN_BOOL_CONVERSION = YES;
				CLANG_WARN_CONSTANT_CONVERSION = YES;
				CLANG_WARN_DIRECT_OBJC_ISA_USAGE = YES_ERROR;
				CLANG_WARN_EMPTY_BODY = YES;
				CLANG_WARN_ENUM_CONVERSION = YES;
				CLANG_WARN_INT_CONVERSION = YES;
				CLANG_WARN_OBJC_ROOT_CLASS = YES_ERROR;
				CLANG_WARN_UNREACHABLE_CODE = YES;
				CLANG_WARN__DUPLICATE_METHOD_MATCH = YES;
				"CODE_SIGN_IDENTITY[sdk=iphoneos*]" = "iPhone Developer";
				COPY_PHASE_STRIP = NO;
				DEBUG_INFORMATION_FORMAT = "dwarf-with-dsym";
				ENABLE_BITCODE = NO;
				ENABLE_NS_ASSERTIONS = NO;
				ENABLE_STRICT_OBJC_MSGSEND = YES;
				GCC_C_LANGUAGE_STANDARD = gnu99;
				GCC_NO_COMMON_BLOCKS = YES;
				GCC_WARN_64_TO_32_BIT_CONVERSION = YES;
				GCC_WARN_ABOUT_RETURN_TYPE = YES_ERROR;
				GCC_WARN_UNDECLARED_SELECTOR = YES;
				GCC_WARN_UNINITIALIZED_AUTOS = YES_AGGRESSIVE;
				GCC_WARN_UNUSED_FUNCTION = YES;
				GCC_WARN_UNUSED_VARIABLE = YES;
				IPHONEOS_DEPLOYMENT_TARGET = 7.0;
				MTL_ENABLE_DEBUG_INFO = NO;
				SDKROOT = iphoneos;
				VALIDATE_PRODUCT = YES;
			};
			name = Release;
		};
		F4BC50E91B87789400F473A9 /* Debug */ = {
			isa = XCBuildConfiguration;
			baseConfigurationReference = 868B0D344B1A710029502D14 /* Pods.debug.xcconfig */;
			buildSettings = {
				ASSETCATALOG_COMPILER_APPICON_NAME = AppIcon;
				INFOPLIST_FILE = Example/Info.plist;
				LD_RUNPATH_SEARCH_PATHS = "$(inherited) @executable_path/Frameworks";
				PRODUCT_BUNDLE_IDENTIFIER = com.taktem.gautil;
				PRODUCT_NAME = "$(TARGET_NAME)";
			};
			name = Debug;
		};
		F4BC50EA1B87789400F473A9 /* Release */ = {
			isa = XCBuildConfiguration;
			baseConfigurationReference = 8B2702722C7C5BDA5802F78E /* Pods.release.xcconfig */;
			buildSettings = {
				ASSETCATALOG_COMPILER_APPICON_NAME = AppIcon;
				INFOPLIST_FILE = Example/Info.plist;
				LD_RUNPATH_SEARCH_PATHS = "$(inherited) @executable_path/Frameworks";
				PRODUCT_BUNDLE_IDENTIFIER = com.taktem.gautil;
				PRODUCT_NAME = "$(TARGET_NAME)";
			};
			name = Release;
		};
		F4BC50EC1B87789400F473A9 /* Debug */ = {
			isa = XCBuildConfiguration;
			buildSettings = {
				BUNDLE_LOADER = "$(TEST_HOST)";
				FRAMEWORK_SEARCH_PATHS = (
					"$(SDKROOT)/Developer/Library/Frameworks",
					"$(inherited)",
				);
				GCC_PREPROCESSOR_DEFINITIONS = (
					"DEBUG=1",
					"$(inherited)",
				);
				INFOPLIST_FILE = ExampleTests/Info.plist;
				LD_RUNPATH_SEARCH_PATHS = "$(inherited) @executable_path/Frameworks @loader_path/Frameworks";
				PRODUCT_BUNDLE_IDENTIFIER = "com.taktem.$(PRODUCT_NAME:rfc1034identifier)";
				PRODUCT_NAME = "$(TARGET_NAME)";
				TEST_HOST = "$(BUILT_PRODUCTS_DIR)/Example.app/Example";
			};
			name = Debug;
		};
		F4BC50ED1B87789400F473A9 /* Release */ = {
			isa = XCBuildConfiguration;
			buildSettings = {
				BUNDLE_LOADER = "$(TEST_HOST)";
				FRAMEWORK_SEARCH_PATHS = (
					"$(SDKROOT)/Developer/Library/Frameworks",
					"$(inherited)",
				);
				INFOPLIST_FILE = ExampleTests/Info.plist;
				LD_RUNPATH_SEARCH_PATHS = "$(inherited) @executable_path/Frameworks @loader_path/Frameworks";
				PRODUCT_BUNDLE_IDENTIFIER = "com.taktem.$(PRODUCT_NAME:rfc1034identifier)";
				PRODUCT_NAME = "$(TARGET_NAME)";
				TEST_HOST = "$(BUILT_PRODUCTS_DIR)/Example.app/Example";
			};
			name = Release;
		};
/* End XCBuildConfiguration section */

/* Begin XCConfigurationList section */
		F4BC50C01B87789300F473A9 /* Build configuration list for PBXProject "Example" */ = {
			isa = XCConfigurationList;
			buildConfigurations = (
				F4BC50E61B87789400F473A9 /* Debug */,
				F4BC50E71B87789400F473A9 /* Release */,
			);
			defaultConfigurationIsVisible = 0;
			defaultConfigurationName = Release;
		};
		F4BC50E81B87789400F473A9 /* Build configuration list for PBXNativeTarget "Example" */ = {
			isa = XCConfigurationList;
			buildConfigurations = (
				F4BC50E91B87789400F473A9 /* Debug */,
				F4BC50EA1B87789400F473A9 /* Release */,
			);
			defaultConfigurationIsVisible = 0;
			defaultConfigurationName = Release;
		};
		F4BC50EB1B87789400F473A9 /* Build configuration list for PBXNativeTarget "ExampleTests" */ = {
			isa = XCConfigurationList;
			buildConfigurations = (
				F4BC50EC1B87789400F473A9 /* Debug */,
				F4BC50ED1B87789400F473A9 /* Release */,
			);
			defaultConfigurationIsVisible = 0;
			defaultConfigurationName = Release;
		};
/* End XCConfigurationList section */
	};
	rootObject = F4BC50BD1B87789300F473A9 /* Project object */;
}
